<?xml version="1.0" encoding="UTF-8" standalone="yes" ?>
<CodeBlocks_project_file>
	<FileVersion major="1" minor="6" />
	<Project>
		<Option title="NuageDeMots" />
		<Option pch_mode="2" />
		<Option compiler="gcc" />
		<Build>
			<Target title="Debug">
				<Option output="bin/Debug/NuageDeMots" prefix_auto="1" extension_auto="1" />
				<Option object_output="obj/Debug/" />
				<Option type="1" />
				<Option compiler="gcc" />
				<Compiler>
					<Add option="-O2" />
					<Add directory="include" />
					<Add directory="src" />
				</Compiler>
				<Linker>
					<Add option="-s" />
				</Linker>
			</Target>
			<Target title="Release">
				<Option output="bin/Release/NuageDeMots" prefix_auto="1" extension_auto="1" />
				<Option object_output="obj/Release/" />
				<Option type="1" />
				<Option compiler="gcc" />
				<Compiler>
					<Add option="-O2" />
					<Add directory="include" />
				</Compiler>
				<Linker>
					<Add option="-s" />
				</Linker>
			</Target>
		</Build>
		<Compiler>
			<Add option="-O2" />
			<Add option="-Wswitch-default" />
			<Add option="-std=c++11" />
			<Add option="-Wextra" />
			<Add option="-Wall" />
			<Add option="-pg" />
			<Add option="-fexceptions" />
			<Add option="-lz" />
			<Add directory="../../libraries/zlib" />
			<Add directory="src" />
		</Compiler>
		<Linker>
			<Add option="-pg -lgmon" />
			<Add library="..\..\libraries\zlib\libz.a" />
			<Add directory="../../libraries/zlib" />
		</Linker>
		<Unit filename="include/BinarySearchTree.h" />
		<Unit filename="include/Countable.h" />
		<Unit filename="include/FileReader.h" />
		<Unit filename="include/HashElement.h" />
		<Unit filename="include/Hashtable.h" />
		<Unit filename="include/Node.h" />
		<Unit filename="include/PDFReader.h" />
		<Unit filename="include/pdf.h" />
		<Unit filename="main.cpp" />
		<Unit filename="src/BinarySearchTree.tpp" />
		<Unit filename="src/Countable.cpp" />
		<Unit filename="src/FileReader.tpp" />
		<Unit filename="src/HashElement.tpp" />
		<Unit filename="src/Hashtable.tpp" />
		<Unit filename="src/Node.tpp" />
		<Unit filename="src/PDFReader.cpp" />
		<Extensions>
			<code_completion />
			<envvars />
			<debugger />
			<lib_finder disable_auto="1" />
			<DoxyBlocks>
				<comment_style block="0" line="0" />
				<doxyfile_project />
				<doxyfile_build />
				<doxyfile_warnings />
				<doxyfile_output />
				<doxyfile_dot />
				<general />
			</DoxyBlocks>
		</Extensions>
	</Project>
</CodeBlocks_project_file>
